// !$*UTF8*$!
{
	archiveVersion = 1;
	classes = {
	};
	objectVersion = 46;
	objects = {

/* Begin PBXBuildFile section */
		FE55BFAE145A37B3001206B7 /* UIKit.framework in Frameworks */ = {isa = PBXBuildFile; fileRef = FE55BFAD145A37B3001206B7 /* UIKit.framework */; };
		FE55BFB0145A37B3001206B7 /* Foundation.framework in Frameworks */ = {isa = PBXBuildFile; fileRef = FE55BFAF145A37B3001206B7 /* Foundation.framework */; };
		FE55BFB2145A37B3001206B7 /* CoreGraphics.framework in Frameworks */ = {isa = PBXBuildFile; fileRef = FE55BFB1145A37B3001206B7 /* CoreGraphics.framework */; };
		FE55BFB8145A37B3001206B7 /* InfoPlist.strings in Resources */ = {isa = PBXBuildFile; fileRef = FE55BFB6145A37B3001206B7 /* InfoPlist.strings */; };
		FE55BFBB145A37B3001206B7 /* main.m in Sources */ = {isa = PBXBuildFile; fileRef = FE55BFBA145A37B3001206B7 /* main.m */; };
		FE55BFBE145A37B3001206B7 /* Meeting5AppDelegate.m in Sources */ = {isa = PBXBuildFile; fileRef = FE55BFBD145A37B3001206B7 /* Meeting5AppDelegate.m */; };
		FE55BFC1145A37B3001206B7 /* MainWindow.xib in Resources */ = {isa = PBXBuildFile; fileRef = FE55BFBF145A37B3001206B7 /* MainWindow.xib */; };
		FE55BFC8145A40F9001206B7 /* readme.txt in Resources */ = {isa = PBXBuildFile; fileRef = FE55BFC7145A40F9001206B7 /* readme.txt */; };
		FE55BFCB145A4EDB001206B7 /* Hello.m in Sources */ = {isa = PBXBuildFile; fileRef = FE55BFCA145A4EDB001206B7 /* Hello.m */; };
/* End PBXBuildFile section */

/* Begin PBXFileReference section */
		FE55BFA9145A37B3001206B7 /* Meeting5.app */ = {isa = PBXFileReference; explicitFileType = wrapper.application; includeInIndex = 0; path = Meeting5.app; sourceTree = BUILT_PRODUCTS_DIR; };
		FE55BFAD145A37B3001206B7 /* UIKit.framework */ = {isa = PBXFileReference; lastKnownFileType = wrapper.framework; name = UIKit.framework; path = System/Library/Frameworks/UIKit.framework; sourceTree = SDKROOT; };
		FE55BFAF145A37B3001206B7 /* Foundation.framework */ = {isa = PBXFileReference; lastKnownFileType = wrapper.framework; name = Foundation.framework; path = System/Library/Frameworks/Foundation.framework; sourceTree = SDKROOT; };
		FE55BFB1145A37B3001206B7 /* CoreGraphics.framework */ = {isa = PBXFileReference; lastKnownFileType = wrapper.framework; name = CoreGraphics.framework; path = System/Library/Frameworks/CoreGraphics.framework; sourceTree = SDKROOT; };
		FE55BFB5145A37B3001206B7 /* Meeting5-Info.plist */ = {isa = PBXFileReference; lastKnownFileType = text.plist.xml; path = "Meeting5-Info.plist"; sourceTree = "<group>"; };
		FE55BFB7145A37B3001206B7 /* en */ = {isa = PBXFileReference; lastKnownFileType = text.plist.strings; name = en; path = en.lproj/InfoPlist.strings; sourceTree = "<group>"; };
		FE55BFB9145A37B3001206B7 /* Meeting5-Prefix.pch */ = {isa = PBXFileReference; lastKnownFileType = sourcecode.c.h; path = "Meeting5-Prefix.pch"; sourceTree = "<group>"; };
		FE55BFBA145A37B3001206B7 /* main.m */ = {isa = PBXFileReference; lastKnownFileType = sourcecode.c.objc; path = main.m; sourceTree = "<group>"; };
		FE55BFBC145A37B3001206B7 /* Meeting5AppDelegate.h */ = {isa = PBXFileReference; lastKnownFileType = sourcecode.c.h; path = Meeting5AppDelegate.h; sourceTree = "<group>"; };
		FE55BFBD145A37B3001206B7 /* Meeting5AppDelegate.m */ = {isa = PBXFileReference; lastKnownFileType = sourcecode.c.objc; path = Meeting5AppDelegate.m; sourceTree = "<group>"; };
		FE55BFC0145A37B3001206B7 /* en */ = {isa = PBXFileReference; lastKnownFileType = file.xib; name = en; path = en.lproj/MainWindow.xib; sourceTree = "<group>"; };
		FE55BFC7145A40F9001206B7 /* readme.txt */ = {isa = PBXFileReference; fileEncoding = 4; lastKnownFileType = text; path = readme.txt; sourceTree = "<group>"; };
		FE55BFC9145A4EDB001206B7 /* Hello.h */ = {isa = PBXFileReference; fileEncoding = 4; lastKnownFileType = sourcecode.c.h; path = Hello.h; sourceTree = "<group>"; };
		FE55BFCA145A4EDB001206B7 /* Hello.m */ = {isa = PBXFileReference; fileEncoding = 4; lastKnownFileType = sourcecode.c.objc; path = Hello.m; sourceTree = "<group>"; };
/* End PBXFileReference section */

/* Begin PBXFrameworksBuildPhase section */
		FE55BFA6145A37B3001206B7 /* Frameworks */ = {
			isa = PBXFrameworksBuildPhase;
			buildActionMask = 2147483647;
			files = (
				FE55BFAE145A37B3001206B7 /* UIKit.framework in Frameworks */,
				FE55BFB0145A37B3001206B7 /* Foundation.framework in Frameworks */,
				FE55BFB2145A37B3001206B7 /* CoreGraphics.framework in Frameworks */,
			);
			runOnlyForDeploymentPostprocessing = 0;
		};
/* End PBXFrameworksBuildPhase section */

/* Begin PBXGroup section */
		FE55BF9E145A37B3001206B7 = {
			isa = PBXGroup;
			children = (
				FE55BFB3145A37B3001206B7 /* Meeting5 */,
				FE55BFAC145A37B3001206B7 /* Frameworks */,
				FE55BFAA145A37B3001206B7 /* Products */,
			);
			sourceTree = "<group>";
		};
		FE55BFAA145A37B3001206B7 /* Products */ = {
			isa = PBXGroup;
			children = (
				FE55BFA9145A37B3001206B7 /* Meeting5.app */,
			);
			name = Products;
			sourceTree = "<group>";
		};
		FE55BFAC145A37B3001206B7 /* Frameworks */ = {
			isa = PBXGroup;
			children = (
				FE55BFAD145A37B3001206B7 /* UIKit.framework */,
				FE55BFAF145A37B3001206B7 /* Foundation.framework */,
				FE55BFB1145A37B3001206B7 /* CoreGraphics.framework */,
			);
			name = Frameworks;
			sourceTree = "<group>";
		};
		FE55BFB3145A37B3001206B7 /* Meeting5 */ = {
			isa = PBXGroup;
			children = (
				FE55BFBC145A37B3001206B7 /* Meeting5AppDelegate.h */,
				FE55BFBD145A37B3001206B7 /* Meeting5AppDelegate.m */,
				FE55BFBF145A37B3001206B7 /* MainWindow.xib */,
				FE55BFB4145A37B3001206B7 /* Supporting Files */,
				FE55BFC7145A40F9001206B7 /* readme.txt */,
				FE55BFC9145A4EDB001206B7 /* Hello.h */,
				FE55BFCA145A4EDB001206B7 /* Hello.m */,
			);
			path = Meeting5;
			sourceTree = "<group>";
		};
		FE55BFB4145A37B3001206B7 /* Supporting Files */ = {
			isa = PBXGroup;
			children = (
				FE55BFB5145A37B3001206B7 /* Meeting5-Info.plist */,
				FE55BFB6145A37B3001206B7 /* InfoPlist.strings */,
				FE55BFB9145A37B3001206B7 /* Meeting5-Prefix.pch */,
				FE55BFBA145A37B3001206B7 /* main.m */,
			);
			name = "Supporting Files";
			sourceTree = "<group>";
		};
/* End PBXGroup section */

/* Begin PBXNativeTarget section */
		FE55BFA8145A37B3001206B7 /* Meeting5 */ = {
			isa = PBXNativeTarget;
			buildConfigurationList = FE55BFC4145A37B3001206B7 /* Build configuration list for PBXNativeTarget "Meeting5" */;
			buildPhases = (
				FE55BFA5145A37B3001206B7 /* Sources */,
				FE55BFA6145A37B3001206B7 /* Frameworks */,
				FE55BFA7145A37B3001206B7 /* Resources */,
			);
			buildRules = (
			);
			dependencies = (
			);
			name = Meeting5;
			productName = Meeting5;
			productReference = FE55BFA9145A37B3001206B7 /* Meeting5.app */;
			productType = "com.apple.product-type.application";
		};
/* End PBXNativeTarget section */

/* Begin PBXProject section */
		FE55BFA0145A37B3001206B7 /* Project object */ = {
			isa = PBXProject;
			attributes = {
				LastUpgradeCheck = 0420;
				ORGANIZATIONNAME = "Servin Corporation";
			};
			buildConfigurationList = FE55BFA3145A37B3001206B7 /* Build configuration list for PBXProject "Meeting5" */;
			compatibilityVersion = "Xcode 3.2";
			developmentRegion = English;
			hasScannedForEncodings = 0;
			knownRegions = (
				en,
			);
			mainGroup = FE55BF9E145A37B3001206B7;
			productRefGroup = FE55BFAA145A37B3001206B7 /* Products */;
			projectDirPath = "";
			projectRoot = "";
			targets = (
				FE55BFA8145A37B3001206B7 /* Meeting5 */,
			);
		};
/* End PBXProject section */

/* Begin PBXResourcesBuildPhase section */
		FE55BFA7145A37B3001206B7 /* Resources */ = {
			isa = PBXResourcesBuildPhase;
			buildActionMask = 2147483647;
			files = (
				FE55BFB8145A37B3001206B7 /* InfoPlist.strings in Resources */,
				FE55BFC1145A37B3001206B7 /* MainWindow.xib in Resources */,
				FE55BFC8145A40F9001206B7 /* readme.txt in Resources */,
			);
			runOnlyForDeploymentPostprocessing = 0;
		};
/* End PBXResourcesBuildPhase section */

/* Begin PBXSourcesBuildPhase section */
		FE55BFA5145A37B3001206B7 /* Sources */ = {
			isa = PBXSourcesBuildPhase;
			buildActionMask = 2147483647;
			files = (
				FE55BFBB145A37B3001206B7 /* main.m in Sources */,
				FE55BFBE145A37B3001206B7 /* Meeting5AppDelegate.m in Sources */,
				FE55BFCB145A4EDB001206B7 /* Hello.m in Sources */,
			);
			runOnlyForDeploymentPostprocessing = 0;
		};
/* End PBXSourcesBuildPhase section */

/* Begin PBXVariantGroup section */
		FE55BFB6145A37B3001206B7 /* InfoPlist.strings */ = {
			isa = PBXVariantGroup;
			children = (
				FE55BFB7145A37B3001206B7 /* en */,
			);
			name = InfoPlist.strings;
			sourceTree = "<group>";
		};
		FE55BFBF145A37B3001206B7 /* MainWindow.xib */ = {
			isa = PBXVariantGroup;
			children = (
				FE55BFC0145A37B3001206B7 /* en */,
			);
			name = MainWindow.xib;
			sourceTree = "<group>";
		};
/* End PBXVariantGroup section */

/* Begin XCBuildConfiguration section */
		FE55BFC2145A37B3001206B7 /* Debug */ = {
			isa = XCBuildConfiguration;
			buildSettings = {
				ARCHS = "$(ARCHS_STANDARD_32_BIT)";
				"CODE_SIGN_IDENTITY[sdk=iphoneos*]" = "iPhone Developer";
				GCC_C_LANGUAGE_STANDARD = gnu99;
				GCC_OPTIMIZATION_LEVEL = 0;
				GCC_PREPROCESSOR_DEFINITIONS = DEBUG;
				GCC_SYMBOLS_PRIVATE_EXTERN = NO;
				GCC_VERSION = com.apple.compilers.llvmgcc42;
				GCC_WARN_ABOUT_RETURN_TYPE = YES;
				GCC_WARN_UNUSED_VARIABLE = YES;
				IPHONEOS_DEPLOYMENT_TARGET = 4.3;
				SDKROOT = iphoneos;
			};
			name = Debug;
		};
		FE55BFC3145A37B3001206B7 /* Release */ = {
			isa = XCBuildConfiguration;
			buildSettings = {
				ARCHS = "$(ARCHS_STANDARD_32_BIT)";
				"CODE_SIGN_IDENTITY[sdk=iphoneos*]" = "iPhone Developer";
				GCC_C_LANGUAGE_STANDARD = gnu99;
				GCC_VERSION = com.apple.compilers.llvmgcc42;
				GCC_WARN_ABOUT_RETURN_TYPE = YES;
				GCC_WARN_UNUSED_VARIABLE = YES;
				IPHONEOS_DEPLOYMENT_TARGET = 4.3;
				OTHER_CFLAGS = "-DNS_BLOCK_ASSERTIONS=1";
				SDKROOT = iphoneos;
			};
			name = Release;
		};
		FE55BFC5145A37B3001206B7 /* Debug */ = {
			isa = XCBuildConfiguration;
			buildSettings = {
				ALWAYS_SEARCH_USER_PATHS = NO;
				COPY_PHASE_STRIP = NO;
				GCC_DYNAMIC_NO_PIC = NO;
				GCC_PRECOMPILE_PREFIX_HEADER = YES;
				GCC_PREFIX_HEADER = "Meeting5/Meeting5-Prefix.pch";
				GCC_VERSION = com.apple.compilers.llvm.clang.1_0;
				INFOPLIST_FILE = "Meeting5/Meeting5-Info.plist";
				PRODUCT_NAME = "$(TARGET_NAME)";
				WRAPPER_EXTENSION = app;
			};
			name = Debug;
		};
		FE55BFC6145A37B3001206B7 /* Release */ = {
			isa = XCBuildConfiguration;
			buildSettings = {
				ALWAYS_SEARCH_USER_PATHS = NO;
				COPY_PHASE_STRIP = YES;
				GCC_PRECOMPILE_PREFIX_HEADER = YES;
				GCC_PREFIX_HEADER = "Meeting5/Meeting5-Prefix.pch";
				GCC_VERSION = com.apple.compilers.llvm.clang.1_0;
				INFOPLIST_FILE = "Meeting5/Meeting5-Info.plist";
				PRODUCT_NAME = "$(TARGET_NAME)";
				VALIDATE_PRODUCT = YES;
				WRAPPER_EXTENSION = app;
			};
			name = Release;
		};
/* End XCBuildConfiguration section */

/* Begin XCConfigurationList section */
		FE55BFA3145A37B3001206B7 /* Build configuration list for PBXProject "Meeting5" */ = {
			isa = XCConfigurationList;
			buildConfigurations = (
				FE55BFC2145A37B3001206B7 /* Debug */,
				FE55BFC3145A37B3001206B7 /* Release */,
			);
			defaultConfigurationIsVisible = 0;
			defaultConfigurationName = Release;
		};
		FE55BFC4145A37B3001206B7 /* Build configuration list for PBXNativeTarget "Meeting5" */ = {
			isa = XCConfigurationList;
			buildConfigurations = (
				FE55BFC5145A37B3001206B7 /* Debug */,
				FE55BFC6145A37B3001206B7 /* Release */,
			);
			defaultConfigurationIsVisible = 0;
			defaultConfigurationName = Release;
		};
/* End XCConfigurationList section */
	};
	rootObject = FE55BFA0145A37B3001206B7 /* Project object */;
}
