// !$*UTF8*$!
{
	archiveVersion = 1;
	classes = {
	};
	objectVersion = 46;
	objects = {

/* Begin PBXBuildFile section */
		FE6863891435532900EAFB0B /* Foundation.framework in Frameworks */ = {isa = PBXBuildFile; fileRef = FE6863881435532900EAFB0B /* Foundation.framework */; };
		FE68638C1435532900EAFB0B /* main.m in Sources */ = {isa = PBXBuildFile; fileRef = FE68638B1435532900EAFB0B /* main.m */; };
		FE6863971435684D00EAFB0B /* Demo.m in Sources */ = {isa = PBXBuildFile; fileRef = FE6863961435684D00EAFB0B /* Demo.m */; };
/* End PBXBuildFile section */

/* Begin PBXCopyFilesBuildPhase section */
		FE6863821435532900EAFB0B /* CopyFiles */ = {
			isa = PBXCopyFilesBuildPhase;
			buildActionMask = 2147483647;
			dstPath = /usr/share/man/man1/;
			dstSubfolderSpec = 0;
			files = (
			);
			runOnlyForDeploymentPostprocessing = 1;
		};
/* End PBXCopyFilesBuildPhase section */

/* Begin PBXFileReference section */
		FE6863841435532900EAFB0B /* D01Hello */ = {isa = PBXFileReference; explicitFileType = "compiled.mach-o.executable"; includeInIndex = 0; path = D01Hello; sourceTree = BUILT_PRODUCTS_DIR; };
		FE6863881435532900EAFB0B /* Foundation.framework */ = {isa = PBXFileReference; lastKnownFileType = wrapper.framework; name = Foundation.framework; path = System/Library/Frameworks/Foundation.framework; sourceTree = SDKROOT; };
		FE68638B1435532900EAFB0B /* main.m */ = {isa = PBXFileReference; lastKnownFileType = sourcecode.c.objc; path = main.m; sourceTree = "<group>"; };
		FE68638E1435532900EAFB0B /* D01Hello-Prefix.pch */ = {isa = PBXFileReference; lastKnownFileType = sourcecode.c.h; path = "D01Hello-Prefix.pch"; sourceTree = "<group>"; };
		FE68638F1435532900EAFB0B /* D01Hello.1 */ = {isa = PBXFileReference; lastKnownFileType = text.man; path = D01Hello.1; sourceTree = "<group>"; };
		FE6863951435684D00EAFB0B /* Demo.h */ = {isa = PBXFileReference; fileEncoding = 4; lastKnownFileType = sourcecode.c.h; path = Demo.h; sourceTree = "<group>"; };
		FE6863961435684D00EAFB0B /* Demo.m */ = {isa = PBXFileReference; fileEncoding = 4; lastKnownFileType = sourcecode.c.objc; path = Demo.m; sourceTree = "<group>"; };
/* End PBXFileReference section */

/* Begin PBXFrameworksBuildPhase section */
		FE6863811435532900EAFB0B /* Frameworks */ = {
			isa = PBXFrameworksBuildPhase;
			buildActionMask = 2147483647;
			files = (
				FE6863891435532900EAFB0B /* Foundation.framework in Frameworks */,
			);
			runOnlyForDeploymentPostprocessing = 0;
		};
/* End PBXFrameworksBuildPhase section */

/* Begin PBXGroup section */
		FE6863791435532900EAFB0B = {
			isa = PBXGroup;
			children = (
				FE68638A1435532900EAFB0B /* D01Hello */,
				FE6863871435532900EAFB0B /* Frameworks */,
				FE6863851435532900EAFB0B /* Products */,
			);
			sourceTree = "<group>";
		};
		FE6863851435532900EAFB0B /* Products */ = {
			isa = PBXGroup;
			children = (
				FE6863841435532900EAFB0B /* D01Hello */,
			);
			name = Products;
			sourceTree = "<group>";
		};
		FE6863871435532900EAFB0B /* Frameworks */ = {
			isa = PBXGroup;
			children = (
				FE6863881435532900EAFB0B /* Foundation.framework */,
			);
			name = Frameworks;
			sourceTree = "<group>";
		};
		FE68638A1435532900EAFB0B /* D01Hello */ = {
			isa = PBXGroup;
			children = (
				FE68638B1435532900EAFB0B /* main.m */,
				FE68638F1435532900EAFB0B /* D01Hello.1 */,
				FE68638D1435532900EAFB0B /* Supporting Files */,
				FE6863951435684D00EAFB0B /* Demo.h */,
				FE6863961435684D00EAFB0B /* Demo.m */,
			);
			path = D01Hello;
			sourceTree = "<group>";
		};
		FE68638D1435532900EAFB0B /* Supporting Files */ = {
			isa = PBXGroup;
			children = (
				FE68638E1435532900EAFB0B /* D01Hello-Prefix.pch */,
			);
			name = "Supporting Files";
			sourceTree = "<group>";
		};
/* End PBXGroup section */

/* Begin PBXNativeTarget section */
		FE6863831435532900EAFB0B /* D01Hello */ = {
			isa = PBXNativeTarget;
			buildConfigurationList = FE6863921435532900EAFB0B /* Build configuration list for PBXNativeTarget "D01Hello" */;
			buildPhases = (
				FE6863801435532900EAFB0B /* Sources */,
				FE6863811435532900EAFB0B /* Frameworks */,
				FE6863821435532900EAFB0B /* CopyFiles */,
			);
			buildRules = (
			);
			dependencies = (
			);
			name = D01Hello;
			productName = D01Hello;
			productReference = FE6863841435532900EAFB0B /* D01Hello */;
			productType = "com.apple.product-type.tool";
		};
/* End PBXNativeTarget section */

/* Begin PBXProject section */
		FE68637B1435532900EAFB0B /* Project object */ = {
			isa = PBXProject;
			attributes = {
				LastUpgradeCheck = 0420;
				ORGANIZATIONNAME = "Servin Corporation";
			};
			buildConfigurationList = FE68637E1435532900EAFB0B /* Build configuration list for PBXProject "D01Hello" */;
			compatibilityVersion = "Xcode 3.2";
			developmentRegion = English;
			hasScannedForEncodings = 0;
			knownRegions = (
				en,
			);
			mainGroup = FE6863791435532900EAFB0B;
			productRefGroup = FE6863851435532900EAFB0B /* Products */;
			projectDirPath = "";
			projectRoot = "";
			targets = (
				FE6863831435532900EAFB0B /* D01Hello */,
			);
		};
/* End PBXProject section */

/* Begin PBXSourcesBuildPhase section */
		FE6863801435532900EAFB0B /* Sources */ = {
			isa = PBXSourcesBuildPhase;
			buildActionMask = 2147483647;
			files = (
				FE68638C1435532900EAFB0B /* main.m in Sources */,
				FE6863971435684D00EAFB0B /* Demo.m in Sources */,
			);
			runOnlyForDeploymentPostprocessing = 0;
		};
/* End PBXSourcesBuildPhase section */

/* Begin XCBuildConfiguration section */
		FE6863901435532900EAFB0B /* Debug */ = {
			isa = XCBuildConfiguration;
			buildSettings = {
				ARCHS = "$(ARCHS_STANDARD_32_64_BIT)";
				GCC_C_LANGUAGE_STANDARD = gnu99;
				GCC_OPTIMIZATION_LEVEL = 0;
				GCC_PREPROCESSOR_DEFINITIONS = DEBUG;
				GCC_SYMBOLS_PRIVATE_EXTERN = NO;
				GCC_VERSION = com.apple.compilers.llvm.clang.1_0;
				GCC_WARN_64_TO_32_BIT_CONVERSION = YES;
				GCC_WARN_ABOUT_RETURN_TYPE = YES;
				GCC_WARN_UNUSED_VARIABLE = YES;
				MACOSX_DEPLOYMENT_TARGET = 10.6;
				ONLY_ACTIVE_ARCH = YES;
				SDKROOT = macosx;
			};
			name = Debug;
		};
		FE6863911435532900EAFB0B /* Release */ = {
			isa = XCBuildConfiguration;
			buildSettings = {
				ARCHS = "$(ARCHS_STANDARD_32_64_BIT)";
				GCC_C_LANGUAGE_STANDARD = gnu99;
				GCC_VERSION = com.apple.compilers.llvm.clang.1_0;
				GCC_WARN_64_TO_32_BIT_CONVERSION = YES;
				GCC_WARN_ABOUT_RETURN_TYPE = YES;
				GCC_WARN_UNUSED_VARIABLE = YES;
				MACOSX_DEPLOYMENT_TARGET = 10.6;
				SDKROOT = macosx;
			};
			name = Release;
		};
		FE6863931435532900EAFB0B /* Debug */ = {
			isa = XCBuildConfiguration;
			buildSettings = {
				ALWAYS_SEARCH_USER_PATHS = NO;
				COPY_PHASE_STRIP = NO;
				GCC_DYNAMIC_NO_PIC = NO;
				GCC_ENABLE_OBJC_EXCEPTIONS = YES;
				GCC_PRECOMPILE_PREFIX_HEADER = YES;
				GCC_PREFIX_HEADER = "D01Hello/D01Hello-Prefix.pch";
				PRODUCT_NAME = "$(TARGET_NAME)";
			};
			name = Debug;
		};
		FE6863941435532900EAFB0B /* Release */ = {
			isa = XCBuildConfiguration;
			buildSettings = {
				ALWAYS_SEARCH_USER_PATHS = NO;
				COPY_PHASE_STRIP = YES;
				DEBUG_INFORMATION_FORMAT = "dwarf-with-dsym";
				GCC_ENABLE_OBJC_EXCEPTIONS = YES;
				GCC_PRECOMPILE_PREFIX_HEADER = YES;
				GCC_PREFIX_HEADER = "D01Hello/D01Hello-Prefix.pch";
				PRODUCT_NAME = "$(TARGET_NAME)";
			};
			name = Release;
		};
/* End XCBuildConfiguration section */

/* Begin XCConfigurationList section */
		FE68637E1435532900EAFB0B /* Build configuration list for PBXProject "D01Hello" */ = {
			isa = XCConfigurationList;
			buildConfigurations = (
				FE6863901435532900EAFB0B /* Debug */,
				FE6863911435532900EAFB0B /* Release */,
			);
			defaultConfigurationIsVisible = 0;
			defaultConfigurationName = Release;
		};
		FE6863921435532900EAFB0B /* Build configuration list for PBXNativeTarget "D01Hello" */ = {
			isa = XCConfigurationList;
			buildConfigurations = (
				FE6863931435532900EAFB0B /* Debug */,
				FE6863941435532900EAFB0B /* Release */,
			);
			defaultConfigurationIsVisible = 0;
			defaultConfigurationName = Release;
		};
/* End XCConfigurationList section */
	};
	rootObject = FE68637B1435532900EAFB0B /* Project object */;
}
